// !$*UTF8*$!
{
	archiveVersion = 1;
	classes = {
	};
	objectVersion = 55;
	objects = {

/* Begin PBXBuildFile section */
		BD75B5AE28AA84C6004CFC0E /* AppDelegate.swift in Sources */ = {isa = PBXBuildFile; fileRef = BD75B5AD28AA84C6004CFC0E /* AppDelegate.swift */; };
		BD75B5B028AA84C6004CFC0E /* SceneDelegate.swift in Sources */ = {isa = PBXBuildFile; fileRef = BD75B5AF28AA84C6004CFC0E /* SceneDelegate.swift */; };
		BD75B5B528AA84C6004CFC0E /* Main.storyboard in Resources */ = {isa = PBXBuildFile; fileRef = BD75B5B328AA84C6004CFC0E /* Main.storyboard */; };
		BD75B5B828AA84C6004CFC0E /* ToDoListProject.xcdatamodeld in Sources */ = {isa = PBXBuildFile; fileRef = BD75B5B628AA84C6004CFC0E /* ToDoListProject.xcdatamodeld */; };
		BD75B5BA28AA84C8004CFC0E /* Assets.xcassets in Resources */ = {isa = PBXBuildFile; fileRef = BD75B5B928AA84C8004CFC0E /* Assets.xcassets */; };
		BD75B5BD28AA84C8004CFC0E /* LaunchScreen.storyboard in Resources */ = {isa = PBXBuildFile; fileRef = BD75B5BB28AA84C8004CFC0E /* LaunchScreen.storyboard */; };
		BD75B5C728AA889A004CFC0E /* ToDoTableViewController.swift in Sources */ = {isa = PBXBuildFile; fileRef = BD75B5C628AA889A004CFC0E /* ToDoTableViewController.swift */; };
		BD75B5C928AA88F5004CFC0E /* ToDo.swift in Sources */ = {isa = PBXBuildFile; fileRef = BD75B5C828AA88F5004CFC0E /* ToDo.swift */; };
		BD75B5CB28AA9096004CFC0E /* AddPhotoViewController.swift in Sources */ = {isa = PBXBuildFile; fileRef = BD75B5CA28AA9096004CFC0E /* AddPhotoViewController.swift */; };
		BD75B5CD28AA9ADD004CFC0E /* CompletedToDoViewController.swift in Sources */ = {isa = PBXBuildFile; fileRef = BD75B5CC28AA9ADD004CFC0E /* CompletedToDoViewController.swift */; };
/* End PBXBuildFile section */

/* Begin PBXFileReference section */
		BD75B5AA28AA84C6004CFC0E /* ToDoListProject.app */ = {isa = PBXFileReference; explicitFileType = wrapper.application; includeInIndex = 0; path = ToDoListProject.app; sourceTree = BUILT_PRODUCTS_DIR; };
		BD75B5AD28AA84C6004CFC0E /* AppDelegate.swift */ = {isa = PBXFileReference; lastKnownFileType = sourcecode.swift; path = AppDelegate.swift; sourceTree = "<group>"; };
		BD75B5AF28AA84C6004CFC0E /* SceneDelegate.swift */ = {isa = PBXFileReference; lastKnownFileType = sourcecode.swift; path = SceneDelegate.swift; sourceTree = "<group>"; };
		BD75B5B428AA84C6004CFC0E /* Base */ = {isa = PBXFileReference; lastKnownFileType = file.storyboard; name = Base; path = Base.lproj/Main.storyboard; sourceTree = "<group>"; };
		BD75B5B728AA84C6004CFC0E /* ToDoListProject.xcdatamodel */ = {isa = PBXFileReference; lastKnownFileType = wrapper.xcdatamodel; path = ToDoListProject.xcdatamodel; sourceTree = "<group>"; };
		BD75B5B928AA84C8004CFC0E /* Assets.xcassets */ = {isa = PBXFileReference; lastKnownFileType = folder.assetcatalog; path = Assets.xcassets; sourceTree = "<group>"; };
		BD75B5BC28AA84C8004CFC0E /* Base */ = {isa = PBXFileReference; lastKnownFileType = file.storyboard; name = Base; path = Base.lproj/LaunchScreen.storyboard; sourceTree = "<group>"; };
		BD75B5BE28AA84C8004CFC0E /* Info.plist */ = {isa = PBXFileReference; lastKnownFileType = text.plist.xml; path = Info.plist; sourceTree = "<group>"; };
		BD75B5C628AA889A004CFC0E /* ToDoTableViewController.swift */ = {isa = PBXFileReference; lastKnownFileType = sourcecode.swift; path = ToDoTableViewController.swift; sourceTree = "<group>"; };
		BD75B5C828AA88F5004CFC0E /* ToDo.swift */ = {isa = PBXFileReference; lastKnownFileType = sourcecode.swift; path = ToDo.swift; sourceTree = "<group>"; };
		BD75B5CA28AA9096004CFC0E /* AddPhotoViewController.swift */ = {isa = PBXFileReference; lastKnownFileType = sourcecode.swift; path = AddPhotoViewController.swift; sourceTree = "<group>"; };
		BD75B5CC28AA9ADD004CFC0E /* CompletedToDoViewController.swift */ = {isa = PBXFileReference; lastKnownFileType = sourcecode.swift; path = CompletedToDoViewController.swift; sourceTree = "<group>"; };
/* End PBXFileReference section */

/* Begin PBXFrameworksBuildPhase section */
		BD75B5A728AA84C6004CFC0E /* Frameworks */ = {
			isa = PBXFrameworksBuildPhase;
			buildActionMask = 2147483647;
			files = (
			);
			runOnlyForDeploymentPostprocessing = 0;
		};
/* End PBXFrameworksBuildPhase section */

/* Begin PBXGroup section */
		BD75B5A128AA84C6004CFC0E = {
			isa = PBXGroup;
			children = (
				BD75B5CC28AA9ADD004CFC0E /* CompletedToDoViewController.swift */,
				BD75B5CA28AA9096004CFC0E /* AddPhotoViewController.swift */,
				BD75B5AC28AA84C6004CFC0E /* ToDoListProject */,
				BD75B5AB28AA84C6004CFC0E /* Products */,
			);
			sourceTree = "<group>";
		};
		BD75B5AB28AA84C6004CFC0E /* Products */ = {
			isa = PBXGroup;
			children = (
				BD75B5AA28AA84C6004CFC0E /* ToDoListProject.app */,
			);
			name = Products;
			sourceTree = "<group>";
		};
		BD75B5AC28AA84C6004CFC0E /* ToDoListProject */ = {
			isa = PBXGroup;
			children = (
				BD75B5AD28AA84C6004CFC0E /* AppDelegate.swift */,
				BD75B5AF28AA84C6004CFC0E /* SceneDelegate.swift */,
				BD75B5B328AA84C6004CFC0E /* Main.storyboard */,
				BD75B5C828AA88F5004CFC0E /* ToDo.swift */,
				BD75B5C628AA889A004CFC0E /* ToDoTableViewController.swift */,
				BD75B5B928AA84C8004CFC0E /* Assets.xcassets */,
				BD75B5BB28AA84C8004CFC0E /* LaunchScreen.storyboard */,
				BD75B5BE28AA84C8004CFC0E /* Info.plist */,
				BD75B5B628AA84C6004CFC0E /* ToDoListProject.xcdatamodeld */,
			);
			path = ToDoListProject;
			sourceTree = "<group>";
		};
/* End PBXGroup section */

/* Begin PBXNativeTarget section */
		BD75B5A928AA84C6004CFC0E /* ToDoListProject */ = {
			isa = PBXNativeTarget;
			buildConfigurationList = BD75B5C128AA84C8004CFC0E /* Build configuration list for PBXNativeTarget "ToDoListProject" */;
			buildPhases = (
				BD75B5A628AA84C6004CFC0E /* Sources */,
				BD75B5A728AA84C6004CFC0E /* Frameworks */,
				BD75B5A828AA84C6004CFC0E /* Resources */,
			);
			buildRules = (
			);
			dependencies = (
			);
			name = ToDoListProject;
			productName = ToDoListProject;
			productReference = BD75B5AA28AA84C6004CFC0E /* ToDoListProject.app */;
			productType = "com.apple.product-type.application";
		};
/* End PBXNativeTarget section */

/* Begin PBXProject section */
		BD75B5A228AA84C6004CFC0E /* Project object */ = {
			isa = PBXProject;
			attributes = {
				BuildIndependentTargetsInParallel = 1;
				LastSwiftUpdateCheck = 1340;
				LastUpgradeCheck = 1340;
				TargetAttributes = {
					BD75B5A928AA84C6004CFC0E = {
						CreatedOnToolsVersion = 13.4.1;
					};
				};
			};
			buildConfigurationList = BD75B5A528AA84C6004CFC0E /* Build configuration list for PBXProject "ToDoListProject" */;
			compatibilityVersion = "Xcode 13.0";
			developmentRegion = en;
			hasScannedForEncodings = 0;
			knownRegions = (
				en,
				Base,
			);
			mainGroup = BD75B5A128AA84C6004CFC0E;
			productRefGroup = BD75B5AB28AA84C6004CFC0E /* Products */;
			projectDirPath = "";
			projectRoot = "";
			targets = (
				BD75B5A928AA84C6004CFC0E /* ToDoListProject */,
			);
		};
/* End PBXProject section */

/* Begin PBXResourcesBuildPhase section */
		BD75B5A828AA84C6004CFC0E /* Resources */ = {
			isa = PBXResourcesBuildPhase;
			buildActionMask = 2147483647;
			files = (
				BD75B5BD28AA84C8004CFC0E /* LaunchScreen.storyboard in Resources */,
				BD75B5BA28AA84C8004CFC0E /* Assets.xcassets in Resources */,
				BD75B5B528AA84C6004CFC0E /* Main.storyboard in Resources */,
			);
			runOnlyForDeploymentPostprocessing = 0;
		};
/* End PBXResourcesBuildPhase section */

/* Begin PBXSourcesBuildPhase section */
		BD75B5A628AA84C6004CFC0E /* Sources */ = {
			isa = PBXSourcesBuildPhase;
			buildActionMask = 2147483647;
			files = (
				BD75B5B828AA84C6004CFC0E /* ToDoListProject.xcdatamodeld in Sources */,
				BD75B5CB28AA9096004CFC0E /* AddPhotoViewController.swift in Sources */,
				BD75B5C928AA88F5004CFC0E /* ToDo.swift in Sources */,
				BD75B5CD28AA9ADD004CFC0E /* CompletedToDoViewController.swift in Sources */,
				BD75B5C728AA889A004CFC0E /* ToDoTableViewController.swift in Sources */,
				BD75B5AE28AA84C6004CFC0E /* AppDelegate.swift in Sources */,
				BD75B5B028AA84C6004CFC0E /* SceneDelegate.swift in Sources */,
			);
			runOnlyForDeploymentPostprocessing = 0;
		};
/* End PBXSourcesBuildPhase section */

/* Begin PBXVariantGroup section */
		BD75B5B328AA84C6004CFC0E /* Main.storyboard */ = {
			isa = PBXVariantGroup;
			children = (
				BD75B5B428AA84C6004CFC0E /* Base */,
			);
			name = Main.storyboard;
			sourceTree = "<group>";
		};
		BD75B5BB28AA84C8004CFC0E /* LaunchScreen.storyboard */ = {
			isa = PBXVariantGroup;
			children = (
				BD75B5BC28AA84C8004CFC0E /* Base */,
			);
			name = LaunchScreen.storyboard;
			sourceTree = "<group>";
		};
/* End PBXVariantGroup section */

/* Begin XCBuildConfiguration section */
		BD75B5BF28AA84C8004CFC0E /* Debug */ = {
			isa = XCBuildConfiguration;
			buildSettings = {
				ALWAYS_SEARCH_USER_PATHS = NO;
				CLANG_ANALYZER_NONNULL = YES;
				CLANG_ANALYZER_NUMBER_OBJECT_CONVERSION = YES_AGGRESSIVE;
				CLANG_CXX_LANGUAGE_STANDARD = "gnu++17";
				CLANG_ENABLE_MODULES = YES;
				CLANG_ENABLE_OBJC_ARC = YES;
				CLANG_ENABLE_OBJC_WEAK = YES;
				CLANG_WARN_BLOCK_CAPTURE_AUTORELEASING = YES;
				CLANG_WARN_BOOL_CONVERSION = YES;
				CLANG_WARN_COMMA = YES;
				CLANG_WARN_CONSTANT_CONVERSION = YES;
				CLANG_WARN_DEPRECATED_OBJC_IMPLEMENTATIONS = YES;
				CLANG_WARN_DIRECT_OBJC_ISA_USAGE = YES_ERROR;
				CLANG_WARN_DOCUMENTATION_COMMENTS = YES;
				CLANG_WARN_EMPTY_BODY = YES;
				CLANG_WARN_ENUM_CONVERSION = YES;
				CLANG_WARN_INFINITE_RECURSION = YES;
				CLANG_WARN_INT_CONVERSION = YES;
				CLANG_WARN_NON_LITERAL_NULL_CONVERSION = YES;
				CLANG_WARN_OBJC_IMPLICIT_RETAIN_SELF = YES;
				CLANG_WARN_OBJC_LITERAL_CONVERSION = YES;
				CLANG_WARN_OBJC_ROOT_CLASS = YES_ERROR;
				CLANG_WARN_QUOTED_INCLUDE_IN_FRAMEWORK_HEADER = YES;
				CLANG_WARN_RANGE_LOOP_ANALYSIS = YES;
				CLANG_WARN_STRICT_PROTOTYPES = YES;
				CLANG_WARN_SUSPICIOUS_MOVE = YES;
				CLANG_WARN_UNGUARDED_AVAILABILITY = YES_AGGRESSIVE;
				CLANG_WARN_UNREACHABLE_CODE = YES;
				CLANG_WARN__DUPLICATE_METHOD_MATCH = YES;
				COPY_PHASE_STRIP = NO;
				DEBUG_INFORMATION_FORMAT = dwarf;
				ENABLE_STRICT_OBJC_MSGSEND = YES;
				ENABLE_TESTABILITY = YES;
				GCC_C_LANGUAGE_STANDARD = gnu11;
				GCC_DYNAMIC_NO_PIC = NO;
				GCC_NO_COMMON_BLOCKS = YES;
				GCC_OPTIMIZATION_LEVEL = 0;
				GCC_PREPROCESSOR_DEFINITIONS = (
					"DEBUG=1",
					"$(inherited)",
				);
				GCC_WARN_64_TO_32_BIT_CONVERSION = YES;
				GCC_WARN_ABOUT_RETURN_TYPE = YES_ERROR;
				GCC_WARN_UNDECLARED_SELECTOR = YES;
				GCC_WARN_UNINITIALIZED_AUTOS = YES_AGGRESSIVE;
				GCC_WARN_UNUSED_FUNCTION = YES;
				GCC_WARN_UNUSED_VARIABLE = YES;
				IPHONEOS_DEPLOYMENT_TARGET = 15.5;
				MTL_ENABLE_DEBUG_INFO = INCLUDE_SOURCE;
				MTL_FAST_MATH = YES;
				ONLY_ACTIVE_ARCH = YES;
				SDKROOT = iphoneos;
				SWIFT_ACTIVE_COMPILATION_CONDITIONS = DEBUG;
				SWIFT_OPTIMIZATION_LEVEL = "-Onone";
			};
			name = Debug;
		};
		BD75B5C028AA84C8004CFC0E /* Release */ = {
			isa = XCBuildConfiguration;
			buildSettings = {
				ALWAYS_SEARCH_USER_PATHS = NO;
				CLANG_ANALYZER_NONNULL = YES;
				CLANG_ANALYZER_NUMBER_OBJECT_CONVERSION = YES_AGGRESSIVE;
				CLANG_CXX_LANGUAGE_STANDARD = "gnu++17";
				CLANG_ENABLE_MODULES = YES;
				CLANG_ENABLE_OBJC_ARC = YES;
				CLANG_ENABLE_OBJC_WEAK = YES;
				CLANG_WARN_BLOCK_CAPTURE_AUTORELEASING = YES;
				CLANG_WARN_BOOL_CONVERSION = YES;
				CLANG_WARN_COMMA = YES;
				CLANG_WARN_CONSTANT_CONVERSION = YES;
				CLANG_WARN_DEPRECATED_OBJC_IMPLEMENTATIONS = YES;
				CLANG_WARN_DIRECT_OBJC_ISA_USAGE = YES_ERROR;
				CLANG_WARN_DOCUMENTATION_COMMENTS = YES;
				CLANG_WARN_EMPTY_BODY = YES;
				CLANG_WARN_ENUM_CONVERSION = YES;
				CLANG_WARN_INFINITE_RECURSION = YES;
				CLANG_WARN_INT_CONVERSION = YES;
				CLANG_WARN_NON_LITERAL_NULL_CONVERSION = YES;
				CLANG_WARN_OBJC_IMPLICIT_RETAIN_SELF = YES;
				CLANG_WARN_OBJC_LITERAL_CONVERSION = YES;
				CLANG_WARN_OBJC_ROOT_CLASS = YES_ERROR;
				CLANG_WARN_QUOTED_INCLUDE_IN_FRAMEWORK_HEADER = YES;
				CLANG_WARN_RANGE_LOOP_ANALYSIS = YES;
				CLANG_WARN_STRICT_PROTOTYPES = YES;
				CLANG_WARN_SUSPICIOUS_MOVE = YES;
				CLANG_WARN_UNGUARDED_AVAILABILITY = YES_AGGRESSIVE;
				CLANG_WARN_UNREACHABLE_CODE = YES;
				CLANG_WARN__DUPLICATE_METHOD_MATCH = YES;
				COPY_PHASE_STRIP = NO;
				DEBUG_INFORMATION_FORMAT = "dwarf-with-dsym";
				ENABLE_NS_ASSERTIONS = NO;
				ENABLE_STRICT_OBJC_MSGSEND = YES;
				GCC_C_LANGUAGE_STANDARD = gnu11;
				GCC_NO_COMMON_BLOCKS = YES;
				GCC_WARN_64_TO_32_BIT_CONVERSION = YES;
				GCC_WARN_ABOUT_RETURN_TYPE = YES_ERROR;
				GCC_WARN_UNDECLARED_SELECTOR = YES;
				GCC_WARN_UNINITIALIZED_AUTOS = YES_AGGRESSIVE;
				GCC_WARN_UNUSED_FUNCTION = YES;
				GCC_WARN_UNUSED_VARIABLE = YES;
				IPHONEOS_DEPLOYMENT_TARGET = 15.5;
				MTL_ENABLE_DEBUG_INFO = NO;
				MTL_FAST_MATH = YES;
				SDKROOT = iphoneos;
				SWIFT_COMPILATION_MODE = wholemodule;
				SWIFT_OPTIMIZATION_LEVEL = "-O";
				VALIDATE_PRODUCT = YES;
			};
			name = Release;
		};
		BD75B5C228AA84C8004CFC0E /* Debug */ = {
			isa = XCBuildConfiguration;
			buildSettings = {
				ASSETCATALOG_COMPILER_APPICON_NAME = AppIcon;
				ASSETCATALOG_COMPILER_GLOBAL_ACCENT_COLOR_NAME = AccentColor;
				CODE_SIGN_STYLE = Automatic;
				CURRENT_PROJECT_VERSION = 1;
				GENERATE_INFOPLIST_FILE = YES;
				INFOPLIST_FILE = ToDoListProject/Info.plist;
				INFOPLIST_KEY_UIApplicationSupportsIndirectInputEvents = YES;
				INFOPLIST_KEY_UILaunchStoryboardName = LaunchScreen;
				INFOPLIST_KEY_UIMainStoryboardFile = Main;
				INFOPLIST_KEY_UISupportedInterfaceOrientations_iPad = "UIInterfaceOrientationPortrait UIInterfaceOrientationPortraitUpsideDown UIInterfaceOrientationLandscapeLeft UIInterfaceOrientationLandscapeRight";
				INFOPLIST_KEY_UISupportedInterfaceOrientations_iPhone = "UIInterfaceOrientationPortrait UIInterfaceOrientationLandscapeLeft UIInterfaceOrientationLandscapeRight";
				LD_RUNPATH_SEARCH_PATHS = (
					"$(inherited)",
					"@executable_path/Frameworks",
				);
				MARKETING_VERSION = 1.0;
				PRODUCT_BUNDLE_IDENTIFIER = KWK.ToDoListProject;
				PRODUCT_NAME = "$(TARGET_NAME)";
				SWIFT_EMIT_LOC_STRINGS = YES;
				SWIFT_VERSION = 5.0;
				TARGETED_DEVICE_FAMILY = "1,2";
			};
			name = Debug;
		};
		BD75B5C328AA84C8004CFC0E /* Release */ = {
			isa = XCBuildConfiguration;
			buildSettings = {
				ASSETCATALOG_COMPILER_APPICON_NAME = AppIcon;
				ASSETCATALOG_COMPILER_GLOBAL_ACCENT_COLOR_NAME = AccentColor;
				CODE_SIGN_STYLE = Automatic;
				CURRENT_PROJECT_VERSION = 1;
				GENERATE_INFOPLIST_FILE = YES;
				INFOPLIST_FILE = ToDoListProject/Info.plist;
				INFOPLIST_KEY_UIApplicationSupportsIndirectInputEvents = YES;
				INFOPLIST_KEY_UILaunchStoryboardName = LaunchScreen;
				INFOPLIST_KEY_UIMainStoryboardFile = Main;
				INFOPLIST_KEY_UISupportedInterfaceOrientations_iPad = "UIInterfaceOrientationPortrait UIInterfaceOrientationPortraitUpsideDown UIInterfaceOrientationLandscapeLeft UIInterfaceOrientationLandscapeRight";
				INFOPLIST_KEY_UISupportedInterfaceOrientations_iPhone = "UIInterfaceOrientationPortrait UIInterfaceOrientationLandscapeLeft UIInterfaceOrientationLandscapeRight";
				LD_RUNPATH_SEARCH_PATHS = (
					"$(inherited)",
					"@executable_path/Frameworks",
				);
				MARKETING_VERSION = 1.0;
				PRODUCT_BUNDLE_IDENTIFIER = KWK.ToDoListProject;
				PRODUCT_NAME = "$(TARGET_NAME)";
				SWIFT_EMIT_LOC_STRINGS = YES;
				SWIFT_VERSION = 5.0;
				TARGETED_DEVICE_FAMILY = "1,2";
			};
			name = Release;
		};
/* End XCBuildConfiguration section */

/* Begin XCConfigurationList section */
		BD75B5A528AA84C6004CFC0E /* Build configuration list for PBXProject "ToDoListProject" */ = {
			isa = XCConfigurationList;
			buildConfigurations = (
				BD75B5BF28AA84C8004CFC0E /* Debug */,
				BD75B5C028AA84C8004CFC0E /* Release */,
			);
			defaultConfigurationIsVisible = 0;
			defaultConfigurationName = Release;
		};
		BD75B5C128AA84C8004CFC0E /* Build configuration list for PBXNativeTarget "ToDoListProject" */ = {
			isa = XCConfigurationList;
			buildConfigurations = (
				BD75B5C228AA84C8004CFC0E /* Debug */,
				BD75B5C328AA84C8004CFC0E /* Release */,
			);
			defaultConfigurationIsVisible = 0;
			defaultConfigurationName = Release;
		};
/* End XCConfigurationList section */

/* Begin XCVersionGroup section */
		BD75B5B628AA84C6004CFC0E /* ToDoListProject.xcdatamodeld */ = {
			isa = XCVersionGroup;
			children = (
				BD75B5B728AA84C6004CFC0E /* ToDoListProject.xcdatamodel */,
			);
			currentVersion = BD75B5B728AA84C6004CFC0E /* ToDoListProject.xcdatamodel */;
			path = ToDoListProject.xcdatamodeld;
			sourceTree = "<group>";
			versionGroupType = wrapper.xcdatamodel;
		};
/* End XCVersionGroup section */
	};
	rootObject = BD75B5A228AA84C6004CFC0E /* Project object */;
}
